// !$*UTF8*$!
{
	archiveVersion = 1;
	classes = {
	};
	objectVersion = 56;
	objects = {

/* Begin PBXBuildFile section */
		2C2F43CB2949BDE900C47A9C /* TabMainViewModel.swift in Sources */ = {isa = PBXBuildFile; fileRef = 2C2F43CA2949BDE900C47A9C /* TabMainViewModel.swift */; };
		2C2F43CD2949BE7600C47A9C /* MoviesListViewController.swift in Sources */ = {isa = PBXBuildFile; fileRef = 2C2F43CC2949BE7600C47A9C /* MoviesListViewController.swift */; };
		2C2F43D02949BED200C47A9C /* FavoriteMoviesViewController.swift in Sources */ = {isa = PBXBuildFile; fileRef = 2C2F43CF2949BED200C47A9C /* FavoriteMoviesViewController.swift */; };
		2C2F43D22949BF1600C47A9C /* MoviesListViewController.xib in Resources */ = {isa = PBXBuildFile; fileRef = 2C2F43D12949BF1600C47A9C /* MoviesListViewController.xib */; };
		2C2F43D42949BF6F00C47A9C /* FavoriteMoviesViewController.xib in Resources */ = {isa = PBXBuildFile; fileRef = 2C2F43D32949BF6F00C47A9C /* FavoriteMoviesViewController.xib */; };
		2C2F43D62949C05700C47A9C /* String+localizable.swift in Sources */ = {isa = PBXBuildFile; fileRef = 2C2F43D52949C05700C47A9C /* String+localizable.swift */; };
		2C3FFB102949B28600BFEBE1 /* AppDelegate.swift in Sources */ = {isa = PBXBuildFile; fileRef = 2C3FFB0F2949B28600BFEBE1 /* AppDelegate.swift */; };
		2C3FFB122949B28600BFEBE1 /* SceneDelegate.swift in Sources */ = {isa = PBXBuildFile; fileRef = 2C3FFB112949B28600BFEBE1 /* SceneDelegate.swift */; };
		2C3FFB142949B28600BFEBE1 /* TabMainViewController.swift in Sources */ = {isa = PBXBuildFile; fileRef = 2C3FFB132949B28600BFEBE1 /* TabMainViewController.swift */; };
		2C3FFB172949B28600BFEBE1 /* Main.storyboard in Resources */ = {isa = PBXBuildFile; fileRef = 2C3FFB152949B28600BFEBE1 /* Main.storyboard */; };
		2C3FFB192949B28900BFEBE1 /* Assets.xcassets in Resources */ = {isa = PBXBuildFile; fileRef = 2C3FFB182949B28900BFEBE1 /* Assets.xcassets */; };
		2C3FFB1C2949B28900BFEBE1 /* LaunchScreen.storyboard in Resources */ = {isa = PBXBuildFile; fileRef = 2C3FFB1A2949B28900BFEBE1 /* LaunchScreen.storyboard */; };
		2C3FFB3A2949B6E800BFEBE1 /* Localizable.strings in Resources */ = {isa = PBXBuildFile; fileRef = 2C3FFB3C2949B6E800BFEBE1 /* Localizable.strings */; };
		2C881E9C2949C433005D3480 /* MovieDetailViewController.swift in Sources */ = {isa = PBXBuildFile; fileRef = 2C881E9B2949C433005D3480 /* MovieDetailViewController.swift */; };
		2C881E9E2949C44F005D3480 /* MovieDetailViewController.xib in Resources */ = {isa = PBXBuildFile; fileRef = 2C881E9D2949C44F005D3480 /* MovieDetailViewController.xib */; };
		2C881EAD2949D90F005D3480 /* TabMainTests.swift in Sources */ = {isa = PBXBuildFile; fileRef = 2C881EAC2949D90F005D3480 /* TabMainTests.swift */; };
		2C881EAF2949E264005D3480 /* MoviesListViewModel.swift in Sources */ = {isa = PBXBuildFile; fileRef = 2C881EAE2949E264005D3480 /* MoviesListViewModel.swift */; };
		2C881EB12949E4D9005D3480 /* MovieModel.swift in Sources */ = {isa = PBXBuildFile; fileRef = 2C881EB02949E4D9005D3480 /* MovieModel.swift */; };
		2C881EB32949E89D005D3480 /* MoviesListViewModelTests.swift in Sources */ = {isa = PBXBuildFile; fileRef = 2C881EB22949E89D005D3480 /* MoviesListViewModelTests.swift */; };
		2C881EB72949EA47005D3480 /* MoviesHandler.swift in Sources */ = {isa = PBXBuildFile; fileRef = 2C881EB62949EA47005D3480 /* MoviesHandler.swift */; };
		2C881EB92949F35E005D3480 /* MovieError.swift in Sources */ = {isa = PBXBuildFile; fileRef = 2C881EB82949F35E005D3480 /* MovieError.swift */; };
		2C881EBB2949F75F005D3480 /* API_keys.plist in Resources */ = {isa = PBXBuildFile; fileRef = 2C881EBA2949F75F005D3480 /* API_keys.plist */; };
		2C881EBD294A01BC005D3480 /* MovieCell.xib in Resources */ = {isa = PBXBuildFile; fileRef = 2C881EBC294A01BC005D3480 /* MovieCell.xib */; };
		2C881EBF294A01D4005D3480 /* MovieCell.swift in Sources */ = {isa = PBXBuildFile; fileRef = 2C881EBE294A01D4005D3480 /* MovieCell.swift */; };
		2C881EC1294A0284005D3480 /* LoadMoreCell.xib in Resources */ = {isa = PBXBuildFile; fileRef = 2C881EC0294A0284005D3480 /* LoadMoreCell.xib */; };
		2C881EC3294A02A5005D3480 /* LoadMoreCell.swift in Sources */ = {isa = PBXBuildFile; fileRef = 2C881EC2294A02A5005D3480 /* LoadMoreCell.swift */; };
		BBA2FFFA72F8C91ACDD932E4 /* Pods_Cartelerapp.framework in Frameworks */ = {isa = PBXBuildFile; fileRef = A40B00F4EF212C9F28E80ABB /* Pods_Cartelerapp.framework */; };
/* End PBXBuildFile section */

/* Begin PBXContainerItemProxy section */
		2C881EA72949D8A2005D3480 /* PBXContainerItemProxy */ = {
			isa = PBXContainerItemProxy;
			containerPortal = 2C3FFB042949B28600BFEBE1 /* Project object */;
			proxyType = 1;
			remoteGlobalIDString = 2C3FFB0B2949B28600BFEBE1;
			remoteInfo = Cartelerapp;
		};
/* End PBXContainerItemProxy section */

/* Begin PBXFileReference section */
		2C2F43CA2949BDE900C47A9C /* TabMainViewModel.swift */ = {isa = PBXFileReference; lastKnownFileType = sourcecode.swift; path = TabMainViewModel.swift; sourceTree = "<group>"; };
		2C2F43CC2949BE7600C47A9C /* MoviesListViewController.swift */ = {isa = PBXFileReference; lastKnownFileType = sourcecode.swift; path = MoviesListViewController.swift; sourceTree = "<group>"; };
		2C2F43CF2949BED200C47A9C /* FavoriteMoviesViewController.swift */ = {isa = PBXFileReference; lastKnownFileType = sourcecode.swift; path = FavoriteMoviesViewController.swift; sourceTree = "<group>"; };
		2C2F43D12949BF1600C47A9C /* MoviesListViewController.xib */ = {isa = PBXFileReference; lastKnownFileType = file.xib; path = MoviesListViewController.xib; sourceTree = "<group>"; };
		2C2F43D32949BF6F00C47A9C /* FavoriteMoviesViewController.xib */ = {isa = PBXFileReference; lastKnownFileType = file.xib; path = FavoriteMoviesViewController.xib; sourceTree = "<group>"; };
		2C2F43D52949C05700C47A9C /* String+localizable.swift */ = {isa = PBXFileReference; lastKnownFileType = sourcecode.swift; path = "String+localizable.swift"; sourceTree = "<group>"; };
		2C3FFB0C2949B28600BFEBE1 /* Cartelerapp.app */ = {isa = PBXFileReference; explicitFileType = wrapper.application; includeInIndex = 0; path = Cartelerapp.app; sourceTree = BUILT_PRODUCTS_DIR; };
		2C3FFB0F2949B28600BFEBE1 /* AppDelegate.swift */ = {isa = PBXFileReference; lastKnownFileType = sourcecode.swift; path = AppDelegate.swift; sourceTree = "<group>"; };
		2C3FFB112949B28600BFEBE1 /* SceneDelegate.swift */ = {isa = PBXFileReference; lastKnownFileType = sourcecode.swift; path = SceneDelegate.swift; sourceTree = "<group>"; };
		2C3FFB132949B28600BFEBE1 /* TabMainViewController.swift */ = {isa = PBXFileReference; lastKnownFileType = sourcecode.swift; path = TabMainViewController.swift; sourceTree = "<group>"; };
		2C3FFB162949B28600BFEBE1 /* Base */ = {isa = PBXFileReference; lastKnownFileType = file.storyboard; name = Base; path = Base.lproj/Main.storyboard; sourceTree = "<group>"; };
		2C3FFB182949B28900BFEBE1 /* Assets.xcassets */ = {isa = PBXFileReference; lastKnownFileType = folder.assetcatalog; path = Assets.xcassets; sourceTree = "<group>"; };
		2C3FFB1B2949B28900BFEBE1 /* Base */ = {isa = PBXFileReference; lastKnownFileType = file.storyboard; name = Base; path = Base.lproj/LaunchScreen.storyboard; sourceTree = "<group>"; };
		2C3FFB1D2949B28900BFEBE1 /* Info.plist */ = {isa = PBXFileReference; lastKnownFileType = text.plist.xml; path = Info.plist; sourceTree = "<group>"; };
		2C3FFB3B2949B6E800BFEBE1 /* en */ = {isa = PBXFileReference; lastKnownFileType = text.plist.strings; name = en; path = en.lproj/Localizable.strings; sourceTree = "<group>"; };
		2C3FFB3D2949B6FE00BFEBE1 /* es */ = {isa = PBXFileReference; lastKnownFileType = text.plist.strings; name = es; path = es.lproj/Localizable.strings; sourceTree = "<group>"; };
		2C881E9B2949C433005D3480 /* MovieDetailViewController.swift */ = {isa = PBXFileReference; lastKnownFileType = sourcecode.swift; path = MovieDetailViewController.swift; sourceTree = "<group>"; };
		2C881E9D2949C44F005D3480 /* MovieDetailViewController.xib */ = {isa = PBXFileReference; lastKnownFileType = file.xib; path = MovieDetailViewController.xib; sourceTree = "<group>"; };
		2C881EA32949D8A2005D3480 /* CartelerappTests.xctest */ = {isa = PBXFileReference; explicitFileType = wrapper.cfbundle; includeInIndex = 0; path = CartelerappTests.xctest; sourceTree = BUILT_PRODUCTS_DIR; };
		2C881EAC2949D90F005D3480 /* TabMainTests.swift */ = {isa = PBXFileReference; lastKnownFileType = sourcecode.swift; path = TabMainTests.swift; sourceTree = "<group>"; };
		2C881EAE2949E264005D3480 /* MoviesListViewModel.swift */ = {isa = PBXFileReference; lastKnownFileType = sourcecode.swift; path = MoviesListViewModel.swift; sourceTree = "<group>"; };
		2C881EB02949E4D9005D3480 /* MovieModel.swift */ = {isa = PBXFileReference; lastKnownFileType = sourcecode.swift; path = MovieModel.swift; sourceTree = "<group>"; };
		2C881EB22949E89D005D3480 /* MoviesListViewModelTests.swift */ = {isa = PBXFileReference; lastKnownFileType = sourcecode.swift; path = MoviesListViewModelTests.swift; sourceTree = "<group>"; };
		2C881EB42949E981005D3480 /* Podfile */ = {isa = PBXFileReference; lastKnownFileType = text; path = Podfile; sourceTree = "<group>"; };
		2C881EB62949EA47005D3480 /* MoviesHandler.swift */ = {isa = PBXFileReference; lastKnownFileType = sourcecode.swift; path = MoviesHandler.swift; sourceTree = "<group>"; };
		2C881EB82949F35E005D3480 /* MovieError.swift */ = {isa = PBXFileReference; lastKnownFileType = sourcecode.swift; path = MovieError.swift; sourceTree = "<group>"; };
		2C881EBA2949F75F005D3480 /* API_keys.plist */ = {isa = PBXFileReference; lastKnownFileType = text.plist.xml; path = API_keys.plist; sourceTree = "<group>"; };
		2C881EBC294A01BC005D3480 /* MovieCell.xib */ = {isa = PBXFileReference; lastKnownFileType = file.xib; path = MovieCell.xib; sourceTree = "<group>"; };
		2C881EBE294A01D4005D3480 /* MovieCell.swift */ = {isa = PBXFileReference; lastKnownFileType = sourcecode.swift; path = MovieCell.swift; sourceTree = "<group>"; };
		2C881EC0294A0284005D3480 /* LoadMoreCell.xib */ = {isa = PBXFileReference; lastKnownFileType = file.xib; path = LoadMoreCell.xib; sourceTree = "<group>"; };
		2C881EC2294A02A5005D3480 /* LoadMoreCell.swift */ = {isa = PBXFileReference; lastKnownFileType = sourcecode.swift; path = LoadMoreCell.swift; sourceTree = "<group>"; };
		342A50943B663310E2885192 /* Pods-Cartelerapp.debug.xcconfig */ = {isa = PBXFileReference; includeInIndex = 1; lastKnownFileType = text.xcconfig; name = "Pods-Cartelerapp.debug.xcconfig"; path = "Target Support Files/Pods-Cartelerapp/Pods-Cartelerapp.debug.xcconfig"; sourceTree = "<group>"; };
		70F5B7636A8141BD1A4384BB /* Pods-Cartelerapp.release.xcconfig */ = {isa = PBXFileReference; includeInIndex = 1; lastKnownFileType = text.xcconfig; name = "Pods-Cartelerapp.release.xcconfig"; path = "Target Support Files/Pods-Cartelerapp/Pods-Cartelerapp.release.xcconfig"; sourceTree = "<group>"; };
		A40B00F4EF212C9F28E80ABB /* Pods_Cartelerapp.framework */ = {isa = PBXFileReference; explicitFileType = wrapper.framework; includeInIndex = 0; path = Pods_Cartelerapp.framework; sourceTree = BUILT_PRODUCTS_DIR; };
/* End PBXFileReference section */

/* Begin PBXFrameworksBuildPhase section */
		2C3FFB092949B28600BFEBE1 /* Frameworks */ = {
			isa = PBXFrameworksBuildPhase;
			buildActionMask = 2147483647;
			files = (
				BBA2FFFA72F8C91ACDD932E4 /* Pods_Cartelerapp.framework in Frameworks */,
			);
			runOnlyForDeploymentPostprocessing = 0;
		};
		2C881EA02949D8A2005D3480 /* Frameworks */ = {
			isa = PBXFrameworksBuildPhase;
			buildActionMask = 2147483647;
			files = (
			);
			runOnlyForDeploymentPostprocessing = 0;
		};
/* End PBXFrameworksBuildPhase section */

/* Begin PBXGroup section */
		2C2F43CE2949BE9B00C47A9C /* Controllers */ = {
			isa = PBXGroup;
			children = (
				2C2F43CF2949BED200C47A9C /* FavoriteMoviesViewController.swift */,
			);
			path = Controllers;
			sourceTree = "<group>";
		};
		2C3FFB032949B28600BFEBE1 = {
			isa = PBXGroup;
			children = (
				2C881EB42949E981005D3480 /* Podfile */,
				2C3FFB0E2949B28600BFEBE1 /* Cartelerapp */,
				2C881EA42949D8A2005D3480 /* CartelerappTests */,
				2C3FFB0D2949B28600BFEBE1 /* Products */,
				2F7688657CAF03E417E49898 /* Pods */,
				BB1C71A27D6DB85EE5037DA3 /* Frameworks */,
			);
			sourceTree = "<group>";
		};
		2C3FFB0D2949B28600BFEBE1 /* Products */ = {
			isa = PBXGroup;
			children = (
				2C3FFB0C2949B28600BFEBE1 /* Cartelerapp.app */,
				2C881EA32949D8A2005D3480 /* CartelerappTests.xctest */,
			);
			name = Products;
			sourceTree = "<group>";
		};
		2C3FFB0E2949B28600BFEBE1 /* Cartelerapp */ = {
			isa = PBXGroup;
			children = (
				2C3FFB352949B68600BFEBE1 /* Utils */,
				2C3FFB282949B58A00BFEBE1 /* Resources */,
				2C3FFB232949B4BC00BFEBE1 /* Features */,
				2C3FFB0F2949B28600BFEBE1 /* AppDelegate.swift */,
				2C3FFB112949B28600BFEBE1 /* SceneDelegate.swift */,
				2C3FFB152949B28600BFEBE1 /* Main.storyboard */,
				2C3FFB1A2949B28900BFEBE1 /* LaunchScreen.storyboard */,
				2C3FFB1D2949B28900BFEBE1 /* Info.plist */,
				2C3FFB3C2949B6E800BFEBE1 /* Localizable.strings */,
			);
			path = Cartelerapp;
			sourceTree = "<group>";
		};
		2C3FFB232949B4BC00BFEBE1 /* Features */ = {
			isa = PBXGroup;
			children = (
				2C3FFB242949B4C600BFEBE1 /* TabMainMVVM */,
				2C3FFB252949B4D600BFEBE1 /* MoviesListMVVM */,
				2C3FFB272949B54E00BFEBE1 /* FavoriteMoviesMVVM */,
				2C3FFB262949B4E600BFEBE1 /* MovieDetailMVVM */,
			);
			path = Features;
			sourceTree = "<group>";
		};
		2C3FFB242949B4C600BFEBE1 /* TabMainMVVM */ = {
			isa = PBXGroup;
			children = (
				2C3FFB2A2949B5B800BFEBE1 /* ViewModels */,
				2C3FFB292949B59B00BFEBE1 /* Controllers */,
			);
			path = TabMainMVVM;
			sourceTree = "<group>";
		};
		2C3FFB252949B4D600BFEBE1 /* MoviesListMVVM */ = {
			isa = PBXGroup;
			children = (
				2C3FFB2D2949B63E00BFEBE1 /* Models */,
				2C3FFB2E2949B64D00BFEBE1 /* Views */,
				2C3FFB2C2949B63700BFEBE1 /* ViewModels */,
				2C3FFB2B2949B63100BFEBE1 /* Controllers */,
			);
			path = MoviesListMVVM;
			sourceTree = "<group>";
		};
		2C3FFB262949B4E600BFEBE1 /* MovieDetailMVVM */ = {
			isa = PBXGroup;
			children = (
				2C3FFB342949B67E00BFEBE1 /* Models */,
				2C3FFB332949B67A00BFEBE1 /* Views */,
				2C3FFB322949B67400BFEBE1 /* ViewModels */,
				2C881E9A2949C418005D3480 /* Controllers */,
			);
			path = MovieDetailMVVM;
			sourceTree = "<group>";
		};
		2C3FFB272949B54E00BFEBE1 /* FavoriteMoviesMVVM */ = {
			isa = PBXGroup;
			children = (
				2C3FFB312949B66C00BFEBE1 /* Models */,
				2C3FFB302949B66900BFEBE1 /* Views */,
				2C3FFB2F2949B66300BFEBE1 /* ViewModels */,
				2C2F43CE2949BE9B00C47A9C /* Controllers */,
			);
			path = FavoriteMoviesMVVM;
			sourceTree = "<group>";
		};
		2C3FFB282949B58A00BFEBE1 /* Resources */ = {
			isa = PBXGroup;
			children = (
				2C3FFB182949B28900BFEBE1 /* Assets.xcassets */,
			);
			path = Resources;
			sourceTree = "<group>";
		};
		2C3FFB292949B59B00BFEBE1 /* Controllers */ = {
			isa = PBXGroup;
			children = (
				2C3FFB132949B28600BFEBE1 /* TabMainViewController.swift */,
			);
			path = Controllers;
			sourceTree = "<group>";
		};
		2C3FFB2A2949B5B800BFEBE1 /* ViewModels */ = {
			isa = PBXGroup;
			children = (
				2C2F43CA2949BDE900C47A9C /* TabMainViewModel.swift */,
			);
			path = ViewModels;
			sourceTree = "<group>";
		};
		2C3FFB2B2949B63100BFEBE1 /* Controllers */ = {
			isa = PBXGroup;
			children = (
				2C2F43CC2949BE7600C47A9C /* MoviesListViewController.swift */,
				2C881EBE294A01D4005D3480 /* MovieCell.swift */,
				2C881EC2294A02A5005D3480 /* LoadMoreCell.swift */,
			);
			path = Controllers;
			sourceTree = "<group>";
		};
		2C3FFB2C2949B63700BFEBE1 /* ViewModels */ = {
			isa = PBXGroup;
			children = (
				2C881EAE2949E264005D3480 /* MoviesListViewModel.swift */,
			);
			path = ViewModels;
			sourceTree = "<group>";
		};
		2C3FFB2D2949B63E00BFEBE1 /* Models */ = {
			isa = PBXGroup;
			children = (
				2C881EB02949E4D9005D3480 /* MovieModel.swift */,
				2C881EB82949F35E005D3480 /* MovieError.swift */,
			);
			path = Models;
			sourceTree = "<group>";
		};
		2C3FFB2E2949B64D00BFEBE1 /* Views */ = {
			isa = PBXGroup;
			children = (
				2C2F43D12949BF1600C47A9C /* MoviesListViewController.xib */,
				2C881EBC294A01BC005D3480 /* MovieCell.xib */,
				2C881EC0294A0284005D3480 /* LoadMoreCell.xib */,
			);
			path = Views;
			sourceTree = "<group>";
		};
		2C3FFB2F2949B66300BFEBE1 /* ViewModels */ = {
			isa = PBXGroup;
			children = (
			);
			path = ViewModels;
			sourceTree = "<group>";
		};
		2C3FFB302949B66900BFEBE1 /* Views */ = {
			isa = PBXGroup;
			children = (
				2C2F43D32949BF6F00C47A9C /* FavoriteMoviesViewController.xib */,
			);
			path = Views;
			sourceTree = "<group>";
		};
		2C3FFB312949B66C00BFEBE1 /* Models */ = {
			isa = PBXGroup;
			children = (
			);
			path = Models;
			sourceTree = "<group>";
		};
		2C3FFB322949B67400BFEBE1 /* ViewModels */ = {
			isa = PBXGroup;
			children = (
			);
			path = ViewModels;
			sourceTree = "<group>";
		};
		2C3FFB332949B67A00BFEBE1 /* Views */ = {
			isa = PBXGroup;
			children = (
				2C881E9D2949C44F005D3480 /* MovieDetailViewController.xib */,
			);
			path = Views;
			sourceTree = "<group>";
		};
		2C3FFB342949B67E00BFEBE1 /* Models */ = {
			isa = PBXGroup;
			children = (
			);
			path = Models;
			sourceTree = "<group>";
		};
		2C3FFB352949B68600BFEBE1 /* Utils */ = {
			isa = PBXGroup;
			children = (
				2C881EB52949EA36005D3480 /* Handlers */,
				2C2F43D52949C05700C47A9C /* String+localizable.swift */,
			);
			path = Utils;
			sourceTree = "<group>";
		};
		2C881E9A2949C418005D3480 /* Controllers */ = {
			isa = PBXGroup;
			children = (
				2C881E9B2949C433005D3480 /* MovieDetailViewController.swift */,
			);
			path = Controllers;
			sourceTree = "<group>";
		};
		2C881EA42949D8A2005D3480 /* CartelerappTests */ = {
			isa = PBXGroup;
			children = (
				2C881EB22949E89D005D3480 /* MoviesListViewModelTests.swift */,
				2C881EAC2949D90F005D3480 /* TabMainTests.swift */,
			);
			path = CartelerappTests;
			sourceTree = "<group>";
		};
		2C881EB52949EA36005D3480 /* Handlers */ = {
			isa = PBXGroup;
			children = (
				2C881EBA2949F75F005D3480 /* API_keys.plist */,
				2C881EB62949EA47005D3480 /* MoviesHandler.swift */,
			);
			path = Handlers;
			sourceTree = "<group>";
		};
		2F7688657CAF03E417E49898 /* Pods */ = {
			isa = PBXGroup;
			children = (
				342A50943B663310E2885192 /* Pods-Cartelerapp.debug.xcconfig */,
				70F5B7636A8141BD1A4384BB /* Pods-Cartelerapp.release.xcconfig */,
			);
			path = Pods;
			sourceTree = "<group>";
		};
		BB1C71A27D6DB85EE5037DA3 /* Frameworks */ = {
			isa = PBXGroup;
			children = (
				A40B00F4EF212C9F28E80ABB /* Pods_Cartelerapp.framework */,
			);
			name = Frameworks;
			sourceTree = "<group>";
		};
/* End PBXGroup section */

/* Begin PBXNativeTarget section */
		2C3FFB0B2949B28600BFEBE1 /* Cartelerapp */ = {
			isa = PBXNativeTarget;
			buildConfigurationList = 2C3FFB202949B28900BFEBE1 /* Build configuration list for PBXNativeTarget "Cartelerapp" */;
			buildPhases = (
				491C0CD25725BE846D02D983 /* [CP] Check Pods Manifest.lock */,
				2C3FFB082949B28600BFEBE1 /* Sources */,
				2C3FFB092949B28600BFEBE1 /* Frameworks */,
				2C3FFB0A2949B28600BFEBE1 /* Resources */,
				2C2F43C92949B99F00C47A9C /* Swiftlint */,
				BA47AED31420D00E6CB4B2A9 /* [CP] Embed Pods Frameworks */,
			);
			buildRules = (
			);
			dependencies = (
			);
			name = Cartelerapp;
			productName = Cartelerapp;
			productReference = 2C3FFB0C2949B28600BFEBE1 /* Cartelerapp.app */;
			productType = "com.apple.product-type.application";
		};
		2C881EA22949D8A2005D3480 /* CartelerappTests */ = {
			isa = PBXNativeTarget;
			buildConfigurationList = 2C881EA92949D8A2005D3480 /* Build configuration list for PBXNativeTarget "CartelerappTests" */;
			buildPhases = (
				2C881E9F2949D8A2005D3480 /* Sources */,
				2C881EA02949D8A2005D3480 /* Frameworks */,
				2C881EA12949D8A2005D3480 /* Resources */,
			);
			buildRules = (
			);
			dependencies = (
				2C881EA82949D8A2005D3480 /* PBXTargetDependency */,
			);
			name = CartelerappTests;
			productName = CartelerappTests;
			productReference = 2C881EA32949D8A2005D3480 /* CartelerappTests.xctest */;
			productType = "com.apple.product-type.bundle.unit-test";
		};
/* End PBXNativeTarget section */

/* Begin PBXProject section */
		2C3FFB042949B28600BFEBE1 /* Project object */ = {
			isa = PBXProject;
			attributes = {
				BuildIndependentTargetsInParallel = 1;
				LastSwiftUpdateCheck = 1410;
				LastUpgradeCheck = 1410;
				TargetAttributes = {
					2C3FFB0B2949B28600BFEBE1 = {
						CreatedOnToolsVersion = 14.1;
					};
					2C881EA22949D8A2005D3480 = {
						CreatedOnToolsVersion = 14.1;
						TestTargetID = 2C3FFB0B2949B28600BFEBE1;
					};
				};
			};
			buildConfigurationList = 2C3FFB072949B28600BFEBE1 /* Build configuration list for PBXProject "Cartelerapp" */;
			compatibilityVersion = "Xcode 14.0";
			developmentRegion = en;
			hasScannedForEncodings = 0;
			knownRegions = (
				en,
				Base,
				es,
			);
			mainGroup = 2C3FFB032949B28600BFEBE1;
			productRefGroup = 2C3FFB0D2949B28600BFEBE1 /* Products */;
			projectDirPath = "";
			projectRoot = "";
			targets = (
				2C3FFB0B2949B28600BFEBE1 /* Cartelerapp */,
				2C881EA22949D8A2005D3480 /* CartelerappTests */,
			);
		};
/* End PBXProject section */

/* Begin PBXResourcesBuildPhase section */
		2C3FFB0A2949B28600BFEBE1 /* Resources */ = {
			isa = PBXResourcesBuildPhase;
			buildActionMask = 2147483647;
			files = (
				2C881E9E2949C44F005D3480 /* MovieDetailViewController.xib in Resources */,
				2C3FFB1C2949B28900BFEBE1 /* LaunchScreen.storyboard in Resources */,
				2C3FFB3A2949B6E800BFEBE1 /* Localizable.strings in Resources */,
				2C2F43D22949BF1600C47A9C /* MoviesListViewController.xib in Resources */,
				2C3FFB192949B28900BFEBE1 /* Assets.xcassets in Resources */,
				2C881EBB2949F75F005D3480 /* API_keys.plist in Resources */,
				2C881EC1294A0284005D3480 /* LoadMoreCell.xib in Resources */,
				2C881EBD294A01BC005D3480 /* MovieCell.xib in Resources */,
				2C2F43D42949BF6F00C47A9C /* FavoriteMoviesViewController.xib in Resources */,
				2C3FFB172949B28600BFEBE1 /* Main.storyboard in Resources */,
			);
			runOnlyForDeploymentPostprocessing = 0;
		};
		2C881EA12949D8A2005D3480 /* Resources */ = {
			isa = PBXResourcesBuildPhase;
			buildActionMask = 2147483647;
			files = (
			);
			runOnlyForDeploymentPostprocessing = 0;
		};
/* End PBXResourcesBuildPhase section */

/* Begin PBXShellScriptBuildPhase section */
		2C2F43C92949B99F00C47A9C /* Swiftlint */ = {
			isa = PBXShellScriptBuildPhase;
			buildActionMask = 2147483647;
			files = (
			);
			inputFileListPaths = (
			);
			inputPaths = (
			);
			name = Swiftlint;
			outputFileListPaths = (
			);
			outputPaths = (
			);
			runOnlyForDeploymentPostprocessing = 0;
			shellPath = /bin/sh;
			shellScript = "# Type a script or drag a script file from your workspace to insert its path.\n\"${PODS_ROOT}/SwiftLint/swiftlint\"\n";
		};
		491C0CD25725BE846D02D983 /* [CP] Check Pods Manifest.lock */ = {
			isa = PBXShellScriptBuildPhase;
			buildActionMask = 2147483647;
			files = (
			);
			inputFileListPaths = (
			);
			inputPaths = (
				"${PODS_PODFILE_DIR_PATH}/Podfile.lock",
				"${PODS_ROOT}/Manifest.lock",
			);
			name = "[CP] Check Pods Manifest.lock";
			outputFileListPaths = (
			);
			outputPaths = (
				"$(DERIVED_FILE_DIR)/Pods-Cartelerapp-checkManifestLockResult.txt",
			);
			runOnlyForDeploymentPostprocessing = 0;
			shellPath = /bin/sh;
			shellScript = "diff \"${PODS_PODFILE_DIR_PATH}/Podfile.lock\" \"${PODS_ROOT}/Manifest.lock\" > /dev/null\nif [ $? != 0 ] ; then\n    # print error to STDERR\n    echo \"error: The sandbox is not in sync with the Podfile.lock. Run 'pod install' or update your CocoaPods installation.\" >&2\n    exit 1\nfi\n# This output is used by Xcode 'outputs' to avoid re-running this script phase.\necho \"SUCCESS\" > \"${SCRIPT_OUTPUT_FILE_0}\"\n";
			showEnvVarsInLog = 0;
		};
		BA47AED31420D00E6CB4B2A9 /* [CP] Embed Pods Frameworks */ = {
			isa = PBXShellScriptBuildPhase;
			buildActionMask = 2147483647;
			files = (
			);
			inputFileListPaths = (
				"${PODS_ROOT}/Target Support Files/Pods-Cartelerapp/Pods-Cartelerapp-frameworks-${CONFIGURATION}-input-files.xcfilelist",
			);
			name = "[CP] Embed Pods Frameworks";
			outputFileListPaths = (
				"${PODS_ROOT}/Target Support Files/Pods-Cartelerapp/Pods-Cartelerapp-frameworks-${CONFIGURATION}-output-files.xcfilelist",
			);
			runOnlyForDeploymentPostprocessing = 0;
			shellPath = /bin/sh;
			shellScript = "\"${PODS_ROOT}/Target Support Files/Pods-Cartelerapp/Pods-Cartelerapp-frameworks.sh\"\n";
			showEnvVarsInLog = 0;
		};
/* End PBXShellScriptBuildPhase section */

/* Begin PBXSourcesBuildPhase section */
		2C3FFB082949B28600BFEBE1 /* Sources */ = {
			isa = PBXSourcesBuildPhase;
			buildActionMask = 2147483647;
			files = (
				2C881EBF294A01D4005D3480 /* MovieCell.swift in Sources */,
				2C881EB72949EA47005D3480 /* MoviesHandler.swift in Sources */,
				2C881EB92949F35E005D3480 /* MovieError.swift in Sources */,
				2C3FFB142949B28600BFEBE1 /* TabMainViewController.swift in Sources */,
				2C2F43CB2949BDE900C47A9C /* TabMainViewModel.swift in Sources */,
				2C881EB12949E4D9005D3480 /* MovieModel.swift in Sources */,
				2C2F43CD2949BE7600C47A9C /* MoviesListViewController.swift in Sources */,
				2C881EAF2949E264005D3480 /* MoviesListViewModel.swift in Sources */,
				2C881EC3294A02A5005D3480 /* LoadMoreCell.swift in Sources */,
				2C2F43D62949C05700C47A9C /* String+localizable.swift in Sources */,
				2C881E9C2949C433005D3480 /* MovieDetailViewController.swift in Sources */,
				2C2F43D02949BED200C47A9C /* FavoriteMoviesViewController.swift in Sources */,
				2C3FFB102949B28600BFEBE1 /* AppDelegate.swift in Sources */,
				2C3FFB122949B28600BFEBE1 /* SceneDelegate.swift in Sources */,
			);
			runOnlyForDeploymentPostprocessing = 0;
		};
		2C881E9F2949D8A2005D3480 /* Sources */ = {
			isa = PBXSourcesBuildPhase;
			buildActionMask = 2147483647;
			files = (
				2C881EAD2949D90F005D3480 /* TabMainTests.swift in Sources */,
				2C881EB32949E89D005D3480 /* MoviesListViewModelTests.swift in Sources */,
			);
			runOnlyForDeploymentPostprocessing = 0;
		};
/* End PBXSourcesBuildPhase section */

/* Begin PBXTargetDependency section */
		2C881EA82949D8A2005D3480 /* PBXTargetDependency */ = {
			isa = PBXTargetDependency;
			target = 2C3FFB0B2949B28600BFEBE1 /* Cartelerapp */;
			targetProxy = 2C881EA72949D8A2005D3480 /* PBXContainerItemProxy */;
		};
/* End PBXTargetDependency section */

/* Begin PBXVariantGroup section */
		2C3FFB152949B28600BFEBE1 /* Main.storyboard */ = {
			isa = PBXVariantGroup;
			children = (
				2C3FFB162949B28600BFEBE1 /* Base */,
			);
			name = Main.storyboard;
			sourceTree = "<group>";
		};
		2C3FFB1A2949B28900BFEBE1 /* LaunchScreen.storyboard */ = {
			isa = PBXVariantGroup;
			children = (
				2C3FFB1B2949B28900BFEBE1 /* Base */,
			);
			name = LaunchScreen.storyboard;
			sourceTree = "<group>";
		};
		2C3FFB3C2949B6E800BFEBE1 /* Localizable.strings */ = {
			isa = PBXVariantGroup;
			children = (
				2C3FFB3B2949B6E800BFEBE1 /* en */,
				2C3FFB3D2949B6FE00BFEBE1 /* es */,
			);
			name = Localizable.strings;
			sourceTree = "<group>";
		};
/* End PBXVariantGroup section */

/* Begin XCBuildConfiguration section */
		2C3FFB1E2949B28900BFEBE1 /* Debug */ = {
			isa = XCBuildConfiguration;
			buildSettings = {
				ALWAYS_SEARCH_USER_PATHS = NO;
				CLANG_ANALYZER_LOCALIZABILITY_NONLOCALIZED = YES;
				CLANG_ANALYZER_NONNULL = YES;
				CLANG_ANALYZER_NUMBER_OBJECT_CONVERSION = YES_AGGRESSIVE;
				CLANG_CXX_LANGUAGE_STANDARD = "gnu++20";
				CLANG_ENABLE_MODULES = YES;
				CLANG_ENABLE_OBJC_ARC = YES;
				CLANG_ENABLE_OBJC_WEAK = YES;
				CLANG_WARN_BLOCK_CAPTURE_AUTORELEASING = YES;
				CLANG_WARN_BOOL_CONVERSION = YES;
				CLANG_WARN_COMMA = YES;
				CLANG_WARN_CONSTANT_CONVERSION = YES;
				CLANG_WARN_DEPRECATED_OBJC_IMPLEMENTATIONS = YES;
				CLANG_WARN_DIRECT_OBJC_ISA_USAGE = YES_ERROR;
				CLANG_WARN_DOCUMENTATION_COMMENTS = YES;
				CLANG_WARN_EMPTY_BODY = YES;
				CLANG_WARN_ENUM_CONVERSION = YES;
				CLANG_WARN_INFINITE_RECURSION = YES;
				CLANG_WARN_INT_CONVERSION = YES;
				CLANG_WARN_NON_LITERAL_NULL_CONVERSION = YES;
				CLANG_WARN_OBJC_IMPLICIT_RETAIN_SELF = YES;
				CLANG_WARN_OBJC_LITERAL_CONVERSION = YES;
				CLANG_WARN_OBJC_ROOT_CLASS = YES_ERROR;
				CLANG_WARN_QUOTED_INCLUDE_IN_FRAMEWORK_HEADER = YES;
				CLANG_WARN_RANGE_LOOP_ANALYSIS = YES;
				CLANG_WARN_STRICT_PROTOTYPES = YES;
				CLANG_WARN_SUSPICIOUS_MOVE = YES;
				CLANG_WARN_UNGUARDED_AVAILABILITY = YES_AGGRESSIVE;
				CLANG_WARN_UNREACHABLE_CODE = YES;
				CLANG_WARN__DUPLICATE_METHOD_MATCH = YES;
				COPY_PHASE_STRIP = NO;
				DEBUG_INFORMATION_FORMAT = dwarf;
				ENABLE_STRICT_OBJC_MSGSEND = YES;
				ENABLE_TESTABILITY = YES;
				GCC_C_LANGUAGE_STANDARD = gnu11;
				GCC_DYNAMIC_NO_PIC = NO;
				GCC_NO_COMMON_BLOCKS = YES;
				GCC_OPTIMIZATION_LEVEL = 0;
				GCC_PREPROCESSOR_DEFINITIONS = (
					"DEBUG=1",
					"$(inherited)",
				);
				GCC_WARN_64_TO_32_BIT_CONVERSION = YES;
				GCC_WARN_ABOUT_RETURN_TYPE = YES_ERROR;
				GCC_WARN_UNDECLARED_SELECTOR = YES;
				GCC_WARN_UNINITIALIZED_AUTOS = YES_AGGRESSIVE;
				GCC_WARN_UNUSED_FUNCTION = YES;
				GCC_WARN_UNUSED_VARIABLE = YES;
				IPHONEOS_DEPLOYMENT_TARGET = 16.1;
				MTL_ENABLE_DEBUG_INFO = INCLUDE_SOURCE;
				MTL_FAST_MATH = YES;
				ONLY_ACTIVE_ARCH = YES;
				SDKROOT = iphoneos;
				SWIFT_ACTIVE_COMPILATION_CONDITIONS = DEBUG;
				SWIFT_OPTIMIZATION_LEVEL = "-Onone";
			};
			name = Debug;
		};
		2C3FFB1F2949B28900BFEBE1 /* Release */ = {
			isa = XCBuildConfiguration;
			buildSettings = {
				ALWAYS_SEARCH_USER_PATHS = NO;
				CLANG_ANALYZER_LOCALIZABILITY_NONLOCALIZED = YES;
				CLANG_ANALYZER_NONNULL = YES;
				CLANG_ANALYZER_NUMBER_OBJECT_CONVERSION = YES_AGGRESSIVE;
				CLANG_CXX_LANGUAGE_STANDARD = "gnu++20";
				CLANG_ENABLE_MODULES = YES;
				CLANG_ENABLE_OBJC_ARC = YES;
				CLANG_ENABLE_OBJC_WEAK = YES;
				CLANG_WARN_BLOCK_CAPTURE_AUTORELEASING = YES;
				CLANG_WARN_BOOL_CONVERSION = YES;
				CLANG_WARN_COMMA = YES;
				CLANG_WARN_CONSTANT_CONVERSION = YES;
				CLANG_WARN_DEPRECATED_OBJC_IMPLEMENTATIONS = YES;
				CLANG_WARN_DIRECT_OBJC_ISA_USAGE = YES_ERROR;
				CLANG_WARN_DOCUMENTATION_COMMENTS = YES;
				CLANG_WARN_EMPTY_BODY = YES;
				CLANG_WARN_ENUM_CONVERSION = YES;
				CLANG_WARN_INFINITE_RECURSION = YES;
				CLANG_WARN_INT_CONVERSION = YES;
				CLANG_WARN_NON_LITERAL_NULL_CONVERSION = YES;
				CLANG_WARN_OBJC_IMPLICIT_RETAIN_SELF = YES;
				CLANG_WARN_OBJC_LITERAL_CONVERSION = YES;
				CLANG_WARN_OBJC_ROOT_CLASS = YES_ERROR;
				CLANG_WARN_QUOTED_INCLUDE_IN_FRAMEWORK_HEADER = YES;
				CLANG_WARN_RANGE_LOOP_ANALYSIS = YES;
				CLANG_WARN_STRICT_PROTOTYPES = YES;
				CLANG_WARN_SUSPICIOUS_MOVE = YES;
				CLANG_WARN_UNGUARDED_AVAILABILITY = YES_AGGRESSIVE;
				CLANG_WARN_UNREACHABLE_CODE = YES;
				CLANG_WARN__DUPLICATE_METHOD_MATCH = YES;
				COPY_PHASE_STRIP = NO;
				DEBUG_INFORMATION_FORMAT = "dwarf-with-dsym";
				ENABLE_NS_ASSERTIONS = NO;
				ENABLE_STRICT_OBJC_MSGSEND = YES;
				GCC_C_LANGUAGE_STANDARD = gnu11;
				GCC_NO_COMMON_BLOCKS = YES;
				GCC_WARN_64_TO_32_BIT_CONVERSION = YES;
				GCC_WARN_ABOUT_RETURN_TYPE = YES_ERROR;
				GCC_WARN_UNDECLARED_SELECTOR = YES;
				GCC_WARN_UNINITIALIZED_AUTOS = YES_AGGRESSIVE;
				GCC_WARN_UNUSED_FUNCTION = YES;
				GCC_WARN_UNUSED_VARIABLE = YES;
				IPHONEOS_DEPLOYMENT_TARGET = 16.1;
				MTL_ENABLE_DEBUG_INFO = NO;
				MTL_FAST_MATH = YES;
				SDKROOT = iphoneos;
				SWIFT_COMPILATION_MODE = wholemodule;
				SWIFT_OPTIMIZATION_LEVEL = "-O";
				VALIDATE_PRODUCT = YES;
			};
			name = Release;
		};
		2C3FFB212949B28900BFEBE1 /* Debug */ = {
			isa = XCBuildConfiguration;
			baseConfigurationReference = 342A50943B663310E2885192 /* Pods-Cartelerapp.debug.xcconfig */;
			buildSettings = {
				ASSETCATALOG_COMPILER_APPICON_NAME = AppIcon;
				ASSETCATALOG_COMPILER_GLOBAL_ACCENT_COLOR_NAME = AccentColor;
				CODE_SIGN_STYLE = Automatic;
				CURRENT_PROJECT_VERSION = 1;
				DEVELOPMENT_TEAM = K4258H2UL8;
				GENERATE_INFOPLIST_FILE = YES;
				INFOPLIST_FILE = Cartelerapp/Info.plist;
				INFOPLIST_KEY_UIApplicationSupportsIndirectInputEvents = YES;
				INFOPLIST_KEY_UILaunchStoryboardName = LaunchScreen;
				INFOPLIST_KEY_UIMainStoryboardFile = Main;
				INFOPLIST_KEY_UISupportedInterfaceOrientations_iPad = "UIInterfaceOrientationPortrait UIInterfaceOrientationPortraitUpsideDown UIInterfaceOrientationLandscapeLeft UIInterfaceOrientationLandscapeRight";
				INFOPLIST_KEY_UISupportedInterfaceOrientations_iPhone = "UIInterfaceOrientationPortrait UIInterfaceOrientationLandscapeLeft UIInterfaceOrientationLandscapeRight";
				LD_RUNPATH_SEARCH_PATHS = (
					"$(inherited)",
					"@executable_path/Frameworks",
				);
				MARKETING_VERSION = 1.0;
				PRODUCT_BUNDLE_IDENTIFIER = com.ivanrb.Cartelerapp;
				PRODUCT_NAME = "$(TARGET_NAME)";
				SWIFT_EMIT_LOC_STRINGS = YES;
				SWIFT_VERSION = 5.0;
				TARGETED_DEVICE_FAMILY = "1,2";
			};
			name = Debug;
		};
		2C3FFB222949B28900BFEBE1 /* Release */ = {
			isa = XCBuildConfiguration;
			baseConfigurationReference = 70F5B7636A8141BD1A4384BB /* Pods-Cartelerapp.release.xcconfig */;
			buildSettings = {
				ASSETCATALOG_COMPILER_APPICON_NAME = AppIcon;
				ASSETCATALOG_COMPILER_GLOBAL_ACCENT_COLOR_NAME = AccentColor;
				CODE_SIGN_STYLE = Automatic;
				CURRENT_PROJECT_VERSION = 1;
				DEVELOPMENT_TEAM = K4258H2UL8;
				GENERATE_INFOPLIST_FILE = YES;
				INFOPLIST_FILE = Cartelerapp/Info.plist;
				INFOPLIST_KEY_UIApplicationSupportsIndirectInputEvents = YES;
				INFOPLIST_KEY_UILaunchStoryboardName = LaunchScreen;
				INFOPLIST_KEY_UIMainStoryboardFile = Main;
				INFOPLIST_KEY_UISupportedInterfaceOrientations_iPad = "UIInterfaceOrientationPortrait UIInterfaceOrientationPortraitUpsideDown UIInterfaceOrientationLandscapeLeft UIInterfaceOrientationLandscapeRight";
				INFOPLIST_KEY_UISupportedInterfaceOrientations_iPhone = "UIInterfaceOrientationPortrait UIInterfaceOrientationLandscapeLeft UIInterfaceOrientationLandscapeRight";
				LD_RUNPATH_SEARCH_PATHS = (
					"$(inherited)",
					"@executable_path/Frameworks",
				);
				MARKETING_VERSION = 1.0;
				PRODUCT_BUNDLE_IDENTIFIER = com.ivanrb.Cartelerapp;
				PRODUCT_NAME = "$(TARGET_NAME)";
				SWIFT_EMIT_LOC_STRINGS = YES;
				SWIFT_VERSION = 5.0;
				TARGETED_DEVICE_FAMILY = "1,2";
			};
			name = Release;
		};
		2C881EAA2949D8A2005D3480 /* Debug */ = {
			isa = XCBuildConfiguration;
			buildSettings = {
				BUNDLE_LOADER = "$(TEST_HOST)";
				CODE_SIGN_STYLE = Automatic;
				CURRENT_PROJECT_VERSION = 1;
				DEVELOPMENT_TEAM = K4258H2UL8;
				GENERATE_INFOPLIST_FILE = YES;
				IPHONEOS_DEPLOYMENT_TARGET = 16.1;
				MACOSX_DEPLOYMENT_TARGET = 13.0;
				MARKETING_VERSION = 1.0;
				PRODUCT_BUNDLE_IDENTIFIER = com.ivanrb.CartelerappTests;
				PRODUCT_NAME = "$(TARGET_NAME)";
				SDKROOT = auto;
				SUPPORTED_PLATFORMS = "iphoneos iphonesimulator macosx";
				SWIFT_EMIT_LOC_STRINGS = NO;
				SWIFT_VERSION = 5.0;
				TARGETED_DEVICE_FAMILY = "1,2";
				TEST_HOST = "$(BUILT_PRODUCTS_DIR)/Cartelerapp.app/$(BUNDLE_EXECUTABLE_FOLDER_PATH)/Cartelerapp";
			};
			name = Debug;
		};
		2C881EAB2949D8A2005D3480 /* Release */ = {
			isa = XCBuildConfiguration;
			buildSettings = {
				BUNDLE_LOADER = "$(TEST_HOST)";
				CODE_SIGN_STYLE = Automatic;
				CURRENT_PROJECT_VERSION = 1;
				DEVELOPMENT_TEAM = K4258H2UL8;
				GENERATE_INFOPLIST_FILE = YES;
				IPHONEOS_DEPLOYMENT_TARGET = 16.1;
				MACOSX_DEPLOYMENT_TARGET = 13.0;
				MARKETING_VERSION = 1.0;
				PRODUCT_BUNDLE_IDENTIFIER = com.ivanrb.CartelerappTests;
				PRODUCT_NAME = "$(TARGET_NAME)";
				SDKROOT = auto;
				SUPPORTED_PLATFORMS = "iphoneos iphonesimulator macosx";
				SWIFT_EMIT_LOC_STRINGS = NO;
				SWIFT_VERSION = 5.0;
				TARGETED_DEVICE_FAMILY = "1,2";
				TEST_HOST = "$(BUILT_PRODUCTS_DIR)/Cartelerapp.app/$(BUNDLE_EXECUTABLE_FOLDER_PATH)/Cartelerapp";
			};
			name = Release;
		};
/* End XCBuildConfiguration section */

/* Begin XCConfigurationList section */
		2C3FFB072949B28600BFEBE1 /* Build configuration list for PBXProject "Cartelerapp" */ = {
			isa = XCConfigurationList;
			buildConfigurations = (
				2C3FFB1E2949B28900BFEBE1 /* Debug */,
				2C3FFB1F2949B28900BFEBE1 /* Release */,
			);
			defaultConfigurationIsVisible = 0;
			defaultConfigurationName = Release;
		};
		2C3FFB202949B28900BFEBE1 /* Build configuration list for PBXNativeTarget "Cartelerapp" */ = {
			isa = XCConfigurationList;
			buildConfigurations = (
				2C3FFB212949B28900BFEBE1 /* Debug */,
				2C3FFB222949B28900BFEBE1 /* Release */,
			);
			defaultConfigurationIsVisible = 0;
			defaultConfigurationName = Release;
		};
		2C881EA92949D8A2005D3480 /* Build configuration list for PBXNativeTarget "CartelerappTests" */ = {
			isa = XCConfigurationList;
			buildConfigurations = (
				2C881EAA2949D8A2005D3480 /* Debug */,
				2C881EAB2949D8A2005D3480 /* Release */,
			);
			defaultConfigurationIsVisible = 0;
			defaultConfigurationName = Release;
		};
/* End XCConfigurationList section */
	};
	rootObject = 2C3FFB042949B28600BFEBE1 /* Project object */;
}
